
Microsoft Visual Studio Solution File, Format Version 12.00
# Visual Studio Version 17
VisualStudioVersion = 17.3.32929.385
MinimumVisualStudioVersion = 10.0.40219.1
Project("{FAE04EC0-301F-11D3-BF4B-00C04F79EFBC}") = "ornekk1ntp", "ornekk1ntp\ornekk1ntp.csproj", "{7B903022-5A37-4410-AE27-660B172E7F57}"
EndProject
Global
	GlobalSection(SolutionConfigurationPlatforms) = preSolution
		Debug|Any CPU = Debug|Any CPU
		Release|Any CPU = Release|Any CPU
	EndGlobalSection
	GlobalSection(ProjectConfigurationPlatforms) = postSolution
		{7B903022-5A37-4410-AE27-660B172E7F57}.Debug|Any CPU.ActiveCfg = Debug|Any CPU
		{7B903022-5A37-4410-AE27-660B172E7F57}.Debug|Any CPU.Build.0 = Debug|Any CPU
		{7B903022-5A37-4410-AE27-660B172E7F57}.Release|Any CPU.ActiveCfg = Release|Any CPU
		{7B903022-5A37-4410-AE27-660B172E7F57}.Release|Any CPU.Build.0 = Release|Any CPU
	EndGlobalSection
	GlobalSection(SolutionProperties) = preSolution
		HideSolutionNode = FALSE
	EndGlobalSection
	GlobalSection(ExtensibilityGlobals) = postSolution
		SolutionGuid = {85B1D2A0-1A9A-4E90-BA19-0D170B34C7C0}
	EndGlobalSection
EndGlobal
